
Microsoft Visual Studio Solution File, Format Version 12.00
# Visual Studio Version 17
VisualStudioVersion = 17.11.35222.181
MinimumVisualStudioVersion = 10.0.40219.1
Project("{FAE04EC0-301F-11D3-BF4B-00C04F79EFBC}") = "Leccion37", "Leccion37.csproj", "{4B723EFB-B728-4D45-8E98-12883A975489}"
EndProject
Global
	GlobalSection(SolutionConfigurationPlatforms) = preSolution
		Debug|Any CPU = Debug|Any CPU
		Release|Any CPU = Release|Any CPU
	EndGlobalSection
	GlobalSection(ProjectConfigurationPlatforms) = postSolution
		{4B723EFB-B728-4D45-8E98-12883A975489}.Debug|Any CPU.ActiveCfg = Debug|Any CPU
		{4B723EFB-B728-4D45-8E98-12883A975489}.Debug|Any CPU.Build.0 = Debug|Any CPU
		{4B723EFB-B728-4D45-8E98-12883A975489}.Release|Any CPU.ActiveCfg = Release|Any CPU
		{4B723EFB-B728-4D45-8E98-12883A975489}.Release|Any CPU.Build.0 = Release|Any CPU
	EndGlobalSection
	GlobalSection(SolutionProperties) = preSolution
		HideSolutionNode = FALSE
	EndGlobalSection
	GlobalSection(ExtensibilityGlobals) = postSolution
		SolutionGuid = {8DAF4FF2-0B8D-4488-A145-49BC7E3E6905}
	EndGlobalSection
EndGlobal
